<Solution>
  <Folder Name="/samples/">
    <Project Path="samples/Stykker.NanoCut.Demo/Stykker.NanoCut.Demo.csproj" />
    <Project Path="samples/Stykker.NanoCut.Demo.Shared/Stykker.NanoCut.Demo.Shared.csproj" />
    <Project Path="samples/Stykker.NanoCut.Server/Stykker.NanoCut.Server.csproj" />
    <Project Path="samples/Stykker.NanoCut.Snapshot/Stykker.NanoCut.Snapshot.csproj" />
  </Folder>
  <Folder Name="/src/">
    <Project Path="src/Stykker.NanoCut.Core/Stykker.NanoCut.Core.csproj" />
    <Project Path="src/Stykker.NanoCut.Cutting/Stykker.NanoCut.Cutting.csproj" />
    <Project Path="src/Stykker.NanoCut.Geometry2D/Stykker.NanoCut.Geometry2D.csproj" />
    <Project Path="src/Stykker.NanoCut.Geometry3D/Stykker.NanoCut.Geometry3D.csproj" />
    <Project Path="src/Stykker.NanoCut.Gpu/Stykker.NanoCut.Gpu.csproj" />
  </Folder>
  <Folder Name="/tests/">
    <Project Path="tests/Stykker.NanoCut.OracleTests/Stykker.NanoCut.OracleTests.csproj" />
    <Project Path="tests/Stykker.NanoCut.Tests/Stykker.NanoCut.Tests.csproj" />
    <Project Path="tests/Stykker.NanoCut.WasmSmoke/Stykker.NanoCut.WasmSmoke.csproj" />
  </Folder>
</Solution>
